
Microsoft Visual Studio Solution File, Format Version 12.00
# Visual Studio Version 16
VisualStudioVersion = 16.0.31205.134
MinimumVisualStudioVersion = 10.0.40219.1
Project("{2150E333-8FDC-42A3-9474-1A3956D46DE8}") = "Services", "Services", "{F032E710-8ADD-4E5A-9C67-30A44930B655}"
EndProject
Project("{2150E333-8FDC-42A3-9474-1A3956D46DE8}") = "Catalog", "Catalog", "{7E4844C2-4897-4C7C-A421-15547F3B90EB}"
EndProject
Project("{9A19103F-16F7-4668-BE54-9A1E7A4F7556}") = "Catalog.API", "Services\Catalog\Catalog.API\Catalog.API.csproj", "{0D12D572-2B92-4F88-947E-B63CEA7463C1}"
EndProject
Project("{E53339B2-1760-4266-BCC7-CA923CBCF16C}") = "docker-compose", "docker-compose.dcproj", "{9C8ABFC1-C831-4257-8D9F-F9B5C29ED272}"
EndProject
Project("{2150E333-8FDC-42A3-9474-1A3956D46DE8}") = "Basket", "Basket", "{A34AA8F4-3DC8-4261-B3D8-513CC4C81495}"
EndProject
Project("{9A19103F-16F7-4668-BE54-9A1E7A4F7556}") = "Basket.API", "Services\Basket\Basket.API\Basket.API.csproj", "{7AF1C901-EBB8-4999-B8AB-75DCBEBD510C}"
	ProjectSection(ProjectDependencies) = postProject
		{0605BDF3-41CA-40B2-9781-922D72A2A57F} = {0605BDF3-41CA-40B2-9781-922D72A2A57F}
	EndProjectSection
EndProject
Project("{2150E333-8FDC-42A3-9474-1A3956D46DE8}") = "Discount", "Discount", "{561293AA-071C-4C0C-8D03-437C0F8AA91F}"
EndProject
Project("{9A19103F-16F7-4668-BE54-9A1E7A4F7556}") = "Discount.API", "Services\Discount\Discount.API\Discount.API.csproj", "{AEC046F6-9171-4E31-88D6-134E8D4F9737}"
EndProject
Project("{9A19103F-16F7-4668-BE54-9A1E7A4F7556}") = "Discount.Grpc", "Services\Discount\Discount.Grpc\Discount.Grpc.csproj", "{D2B9BDC5-B9B8-4191-BD78-104335FD0A5A}"
EndProject
Project("{2150E333-8FDC-42A3-9474-1A3956D46DE8}") = "Ordering", "Ordering", "{E328FBD3-FF5D-4B7A-A805-80A14C99CA39}"
EndProject
Project("{9A19103F-16F7-4668-BE54-9A1E7A4F7556}") = "Ordering.API", "Services\Ordering\Ordering.API\Ordering.API.csproj", "{FD39ABA0-DEAC-4458-AA09-06327C465F0B}"
EndProject
Project("{9A19103F-16F7-4668-BE54-9A1E7A4F7556}") = "Ordering.Domain", "Services\Ordering\Ordering.Domain\Ordering.Domain.csproj", "{C6792978-10E6-4353-8DA1-92EF2BD8FDD9}"
EndProject
Project("{9A19103F-16F7-4668-BE54-9A1E7A4F7556}") = "Ordering.Application", "Services\Ordering\Ordering.Application\Ordering.Application.csproj", "{67F94BCF-C02D-455F-BCA5-60C70CB6B0CB}"
EndProject
Project("{9A19103F-16F7-4668-BE54-9A1E7A4F7556}") = "Ordering.Infrastructure", "Services\Ordering\Ordering.Infrastructure\Ordering.Infrastructure.csproj", "{D19DD048-1F2B-49BB-A7E0-43EFD0011D20}"
EndProject
Project("{2150E333-8FDC-42A3-9474-1A3956D46DE8}") = "BuildingBlocks", "BuildingBlocks", "{F05E4A3D-87B2-416B-9537-4E1FC4236BEA}"
EndProject
Project("{9A19103F-16F7-4668-BE54-9A1E7A4F7556}") = "EventBus.Messages", "BuildingBlocks\EventBus.Messages\EventBus.Messages.csproj", "{0605BDF3-41CA-40B2-9781-922D72A2A57F}"
EndProject
Project("{2150E333-8FDC-42A3-9474-1A3956D46DE8}") = "ApiGateways", "ApiGateways", "{3D7624EB-0907-4080-8C84-04712F9AC9D2}"
EndProject
Project("{9A19103F-16F7-4668-BE54-9A1E7A4F7556}") = "OcelotaApiGw", "ApiGateways\OcelotaApiGw\OcelotaApiGw.csproj", "{F8D96BCB-6FF5-45AA-A381-2FFC6C494598}"
EndProject
Project("{FAE04EC0-301F-11D3-BF4B-00C04F79EFBC}") = "Shopping.Aggregator", "ApiGateways\Shopping.Aggregator\Shopping.Aggregator.csproj", "{D0F2D740-9E92-4786-BBE3-9256495DB184}"
EndProject
Global
	GlobalSection(SolutionConfigurationPlatforms) = preSolution
		Debug|Any CPU = Debug|Any CPU
		Release|Any CPU = Release|Any CPU
	EndGlobalSection
	GlobalSection(ProjectConfigurationPlatforms) = postSolution
		{0D12D572-2B92-4F88-947E-B63CEA7463C1}.Debug|Any CPU.ActiveCfg = Debug|Any CPU
		{0D12D572-2B92-4F88-947E-B63CEA7463C1}.Debug|Any CPU.Build.0 = Debug|Any CPU
		{0D12D572-2B92-4F88-947E-B63CEA7463C1}.Release|Any CPU.ActiveCfg = Release|Any CPU
		{0D12D572-2B92-4F88-947E-B63CEA7463C1}.Release|Any CPU.Build.0 = Release|Any CPU
		{9C8ABFC1-C831-4257-8D9F-F9B5C29ED272}.Debug|Any CPU.ActiveCfg = Debug|Any CPU
		{9C8ABFC1-C831-4257-8D9F-F9B5C29ED272}.Debug|Any CPU.Build.0 = Debug|Any CPU
		{9C8ABFC1-C831-4257-8D9F-F9B5C29ED272}.Release|Any CPU.ActiveCfg = Release|Any CPU
		{9C8ABFC1-C831-4257-8D9F-F9B5C29ED272}.Release|Any CPU.Build.0 = Release|Any CPU
		{7AF1C901-EBB8-4999-B8AB-75DCBEBD510C}.Debug|Any CPU.ActiveCfg = Debug|Any CPU
		{7AF1C901-EBB8-4999-B8AB-75DCBEBD510C}.Debug|Any CPU.Build.0 = Debug|Any CPU
		{7AF1C901-EBB8-4999-B8AB-75DCBEBD510C}.Release|Any CPU.ActiveCfg = Release|Any CPU
		{7AF1C901-EBB8-4999-B8AB-75DCBEBD510C}.Release|Any CPU.Build.0 = Release|Any CPU
		{AEC046F6-9171-4E31-88D6-134E8D4F9737}.Debug|Any CPU.ActiveCfg = Debug|Any CPU
		{AEC046F6-9171-4E31-88D6-134E8D4F9737}.Debug|Any CPU.Build.0 = Debug|Any CPU
		{AEC046F6-9171-4E31-88D6-134E8D4F9737}.Release|Any CPU.ActiveCfg = Release|Any CPU
		{AEC046F6-9171-4E31-88D6-134E8D4F9737}.Release|Any CPU.Build.0 = Release|Any CPU
		{D2B9BDC5-B9B8-4191-BD78-104335FD0A5A}.Debug|Any CPU.ActiveCfg = Debug|Any CPU
		{D2B9BDC5-B9B8-4191-BD78-104335FD0A5A}.Debug|Any CPU.Build.0 = Debug|Any CPU
		{D2B9BDC5-B9B8-4191-BD78-104335FD0A5A}.Release|Any CPU.ActiveCfg = Release|Any CPU
		{D2B9BDC5-B9B8-4191-BD78-104335FD0A5A}.Release|Any CPU.Build.0 = Release|Any CPU
		{FD39ABA0-DEAC-4458-AA09-06327C465F0B}.Debug|Any CPU.ActiveCfg = Debug|Any CPU
		{FD39ABA0-DEAC-4458-AA09-06327C465F0B}.Debug|Any CPU.Build.0 = Debug|Any CPU
		{FD39ABA0-DEAC-4458-AA09-06327C465F0B}.Release|Any CPU.ActiveCfg = Release|Any CPU
		{FD39ABA0-DEAC-4458-AA09-06327C465F0B}.Release|Any CPU.Build.0 = Release|Any CPU
		{C6792978-10E6-4353-8DA1-92EF2BD8FDD9}.Debug|Any CPU.ActiveCfg = Debug|Any CPU
		{C6792978-10E6-4353-8DA1-92EF2BD8FDD9}.Debug|Any CPU.Build.0 = Debug|Any CPU
		{C6792978-10E6-4353-8DA1-92EF2BD8FDD9}.Release|Any CPU.ActiveCfg = Release|Any CPU
		{C6792978-10E6-4353-8DA1-92EF2BD8FDD9}.Release|Any CPU.Build.0 = Release|Any CPU
		{67F94BCF-C02D-455F-BCA5-60C70CB6B0CB}.Debug|Any CPU.ActiveCfg = Debug|Any CPU
		{67F94BCF-C02D-455F-BCA5-60C70CB6B0CB}.Debug|Any CPU.Build.0 = Debug|Any CPU
		{67F94BCF-C02D-455F-BCA5-60C70CB6B0CB}.Release|Any CPU.ActiveCfg = Release|Any CPU
		{67F94BCF-C02D-455F-BCA5-60C70CB6B0CB}.Release|Any CPU.Build.0 = Release|Any CPU
		{D19DD048-1F2B-49BB-A7E0-43EFD0011D20}.Debug|Any CPU.ActiveCfg = Debug|Any CPU
		{D19DD048-1F2B-49BB-A7E0-43EFD0011D20}.Debug|Any CPU.Build.0 = Debug|Any CPU
		{D19DD048-1F2B-49BB-A7E0-43EFD0011D20}.Release|Any CPU.ActiveCfg = Release|Any CPU
		{D19DD048-1F2B-49BB-A7E0-43EFD0011D20}.Release|Any CPU.Build.0 = Release|Any CPU
		{0605BDF3-41CA-40B2-9781-922D72A2A57F}.Debug|Any CPU.ActiveCfg = Debug|Any CPU
		{0605BDF3-41CA-40B2-9781-922D72A2A57F}.Debug|Any CPU.Build.0 = Debug|Any CPU
		{0605BDF3-41CA-40B2-9781-922D72A2A57F}.Release|Any CPU.ActiveCfg = Release|Any CPU
		{0605BDF3-41CA-40B2-9781-922D72A2A57F}.Release|Any CPU.Build.0 = Release|Any CPU
		{F8D96BCB-6FF5-45AA-A381-2FFC6C494598}.Debug|Any CPU.ActiveCfg = Debug|Any CPU
		{F8D96BCB-6FF5-45AA-A381-2FFC6C494598}.Debug|Any CPU.Build.0 = Debug|Any CPU
		{F8D96BCB-6FF5-45AA-A381-2FFC6C494598}.Release|Any CPU.ActiveCfg = Release|Any CPU
		{F8D96BCB-6FF5-45AA-A381-2FFC6C494598}.Release|Any CPU.Build.0 = Release|Any CPU
		{D0F2D740-9E92-4786-BBE3-9256495DB184}.Debug|Any CPU.ActiveCfg = Debug|Any CPU
		{D0F2D740-9E92-4786-BBE3-9256495DB184}.Debug|Any CPU.Build.0 = Debug|Any CPU
		{D0F2D740-9E92-4786-BBE3-9256495DB184}.Release|Any CPU.ActiveCfg = Release|Any CPU
		{D0F2D740-9E92-4786-BBE3-9256495DB184}.Release|Any CPU.Build.0 = Release|Any CPU
	EndGlobalSection
	GlobalSection(SolutionProperties) = preSolution
		HideSolutionNode = FALSE
	EndGlobalSection
	GlobalSection(NestedProjects) = preSolution
		{7E4844C2-4897-4C7C-A421-15547F3B90EB} = {F032E710-8ADD-4E5A-9C67-30A44930B655}
		{0D12D572-2B92-4F88-947E-B63CEA7463C1} = {7E4844C2-4897-4C7C-A421-15547F3B90EB}
		{A34AA8F4-3DC8-4261-B3D8-513CC4C81495} = {F032E710-8ADD-4E5A-9C67-30A44930B655}
		{7AF1C901-EBB8-4999-B8AB-75DCBEBD510C} = {A34AA8F4-3DC8-4261-B3D8-513CC4C81495}
		{561293AA-071C-4C0C-8D03-437C0F8AA91F} = {F032E710-8ADD-4E5A-9C67-30A44930B655}
		{AEC046F6-9171-4E31-88D6-134E8D4F9737} = {561293AA-071C-4C0C-8D03-437C0F8AA91F}
		{D2B9BDC5-B9B8-4191-BD78-104335FD0A5A} = {561293AA-071C-4C0C-8D03-437C0F8AA91F}
		{E328FBD3-FF5D-4B7A-A805-80A14C99CA39} = {F032E710-8ADD-4E5A-9C67-30A44930B655}
		{FD39ABA0-DEAC-4458-AA09-06327C465F0B} = {E328FBD3-FF5D-4B7A-A805-80A14C99CA39}
		{C6792978-10E6-4353-8DA1-92EF2BD8FDD9} = {E328FBD3-FF5D-4B7A-A805-80A14C99CA39}
		{67F94BCF-C02D-455F-BCA5-60C70CB6B0CB} = {E328FBD3-FF5D-4B7A-A805-80A14C99CA39}
		{D19DD048-1F2B-49BB-A7E0-43EFD0011D20} = {E328FBD3-FF5D-4B7A-A805-80A14C99CA39}
		{0605BDF3-41CA-40B2-9781-922D72A2A57F} = {F05E4A3D-87B2-416B-9537-4E1FC4236BEA}
		{F8D96BCB-6FF5-45AA-A381-2FFC6C494598} = {3D7624EB-0907-4080-8C84-04712F9AC9D2}
		{D0F2D740-9E92-4786-BBE3-9256495DB184} = {3D7624EB-0907-4080-8C84-04712F9AC9D2}
	EndGlobalSection
	GlobalSection(ExtensibilityGlobals) = postSolution
		SolutionGuid = {7F35CB69-BE44-4811-9E28-5C5032F6D41D}
	EndGlobalSection
EndGlobal
